# THIS IS AN AUTOGENERATED FILE. DO NOT EDIT THIS FILE DIRECTLY.
# yarn lockfile v1


eslint-config-rd@^1.0.2:
  version "1.0.2"
  resolved "https://registry.yarnpkg.com/eslint-config-rd/-/eslint-config-rd-1.0.2.tgz#525cff6c229f6a015abc2fee1766a1a9405dda6b"
  integrity sha512-JPAl/uT05WspoPETRvUASNErfgSJ+SQYiYS9RoTL2AC8wfL4CECZP0ia7bh8jL1fdY3qJdUgfIl8RJDRmhV69g==

stylelint-config-rd@^1.0.0:
  version "1.0.0"
  resolved "https://registry.yarnpkg.com/stylelint-config-rd/-/stylelint-config-rd-1.0.0.tgz#58a05aed05bce28e566cf43243f5b4f4b37f2fb0"
  integrity sha512-4lSX8BdNPT+lgyszzRIbo6FhQGmWIpCVAa+7IaziCAAnGA42bGv8F0+37DpBL27Z/VhjY1zCwoMOATotpKgvMA==
